
Microsoft Visual Studio Solution File, Format Version 12.00
# Visual Studio 15
Project("{FAE04EC0-301F-11D3-BF4B-00C04F79EFBC}") = "Assembly-CSharp", "Assembly-CSharp.csproj", "{6E8608AC-A330-39D9-E898-208FA6271B45}"
EndProject
Project("{FAE04EC0-301F-11D3-BF4B-00C04F79EFBC}") = "WanzyeeStudio.Runtime", "WanzyeeStudio.Runtime.csproj", "{00555A07-2045-6445-11B2-84E2BDEC17EF}"
EndProject
Project("{FAE04EC0-301F-11D3-BF4B-00C04F79EFBC}") = "Assembly-CSharp-Editor", "Assembly-CSharp-Editor.csproj", "{0D1C34B1-BA03-E950-8B5A-79D4AADB35F4}"
EndProject
Global
	GlobalSection(SolutionConfigurationPlatforms) = preSolution
		Debug|Any CPU = Debug|Any CPU
		Release|Any CPU = Release|Any CPU
	EndGlobalSection
	GlobalSection(ProjectConfigurationPlatforms) = postSolution
		{6E8608AC-A330-39D9-E898-208FA6271B45}.Debug|Any CPU.ActiveCfg = Debug|Any CPU
		{6E8608AC-A330-39D9-E898-208FA6271B45}.Debug|Any CPU.Build.0 = Debug|Any CPU
		{6E8608AC-A330-39D9-E898-208FA6271B45}.Release|Any CPU.ActiveCfg = Release|Any CPU
		{6E8608AC-A330-39D9-E898-208FA6271B45}.Release|Any CPU.Build.0 = Release|Any CPU
		{00555A07-2045-6445-11B2-84E2BDEC17EF}.Debug|Any CPU.ActiveCfg = Debug|Any CPU
		{00555A07-2045-6445-11B2-84E2BDEC17EF}.Debug|Any CPU.Build.0 = Debug|Any CPU
		{00555A07-2045-6445-11B2-84E2BDEC17EF}.Release|Any CPU.ActiveCfg = Release|Any CPU
		{00555A07-2045-6445-11B2-84E2BDEC17EF}.Release|Any CPU.Build.0 = Release|Any CPU
		{0D1C34B1-BA03-E950-8B5A-79D4AADB35F4}.Debug|Any CPU.ActiveCfg = Debug|Any CPU
		{0D1C34B1-BA03-E950-8B5A-79D4AADB35F4}.Debug|Any CPU.Build.0 = Debug|Any CPU
		{0D1C34B1-BA03-E950-8B5A-79D4AADB35F4}.Release|Any CPU.ActiveCfg = Release|Any CPU
		{0D1C34B1-BA03-E950-8B5A-79D4AADB35F4}.Release|Any CPU.Build.0 = Release|Any CPU
	EndGlobalSection
	GlobalSection(SolutionProperties) = preSolution
		HideSolutionNode = FALSE
	EndGlobalSection
EndGlobal
